
Microsoft Visual Studio Solution File, Format Version 12.00
# Visual Studio Version 16
VisualStudioVersion = 16.0.34601.136
MinimumVisualStudioVersion = 10.0.40219.1
Project("{FAE04EC0-301F-11D3-BF4B-00C04F79EFBC}") = "WindowsFormsAppliaction", "WindowsFormsAppliaction.csproj", "{ED378FA1-7DC8-4C76-949A-75682F4FCE89}"
EndProject
Global
	GlobalSection(SolutionConfigurationPlatforms) = preSolution
		Debug|Any CPU = Debug|Any CPU
		Release|Any CPU = Release|Any CPU
	EndGlobalSection
	GlobalSection(ProjectConfigurationPlatforms) = postSolution
		{ED378FA1-7DC8-4C76-949A-75682F4FCE89}.Debug|Any CPU.ActiveCfg = Debug|Any CPU
		{ED378FA1-7DC8-4C76-949A-75682F4FCE89}.Debug|Any CPU.Build.0 = Debug|Any CPU
		{ED378FA1-7DC8-4C76-949A-75682F4FCE89}.Release|Any CPU.ActiveCfg = Release|Any CPU
		{ED378FA1-7DC8-4C76-949A-75682F4FCE89}.Release|Any CPU.Build.0 = Release|Any CPU
	EndGlobalSection
	GlobalSection(SolutionProperties) = preSolution
		HideSolutionNode = FALSE
	EndGlobalSection
	GlobalSection(ExtensibilityGlobals) = postSolution
		SolutionGuid = {21F9235A-D728-4022-B432-A0AB1C383FF0}
	EndGlobalSection
EndGlobal
